
Microsoft Visual Studio Solution File, Format Version 12.00
# Visual Studio Version 17
VisualStudioVersion = 17.10.34916.146
MinimumVisualStudioVersion = 10.0.40219.1
Project("{FAE04EC0-301F-11D3-BF4B-00C04F79EFBC}") = "Potentiostat", "Potentiostat\Potentiostat.csproj", "{E57D951C-779E-45B4-847F-27DDDFCAB66D}"
EndProject
Project("{54435603-DBB4-11D2-8724-00A0C9A8B90C}") = "ElectraStat", "ElectraStat\ElectraStat.vdproj", "{789041B7-0F05-40AF-84D0-AA46D56F46F2}"
EndProject
Global
	GlobalSection(SolutionConfigurationPlatforms) = preSolution
		Debug|Any CPU = Debug|Any CPU
		Release|Any CPU = Release|Any CPU
	EndGlobalSection
	GlobalSection(ProjectConfigurationPlatforms) = postSolution
		{E57D951C-779E-45B4-847F-27DDDFCAB66D}.Debug|Any CPU.ActiveCfg = Debug|Any CPU
		{E57D951C-779E-45B4-847F-27DDDFCAB66D}.Debug|Any CPU.Build.0 = Debug|Any CPU
		{E57D951C-779E-45B4-847F-27DDDFCAB66D}.Release|Any CPU.ActiveCfg = Release|Any CPU
		{E57D951C-779E-45B4-847F-27DDDFCAB66D}.Release|Any CPU.Build.0 = Release|Any CPU
		{789041B7-0F05-40AF-84D0-AA46D56F46F2}.Debug|Any CPU.ActiveCfg = Debug
		{789041B7-0F05-40AF-84D0-AA46D56F46F2}.Release|Any CPU.ActiveCfg = Release
	EndGlobalSection
	GlobalSection(SolutionProperties) = preSolution
		HideSolutionNode = FALSE
	EndGlobalSection
	GlobalSection(ExtensibilityGlobals) = postSolution
		SolutionGuid = {890875FA-68C7-4715-8517-C4167657F5CB}
	EndGlobalSection
EndGlobal
